{
    "_readme": [
        "This file locks the dependencies of your project to a known state",
        "Read more about it at https://getcomposer.org/doc/01-basic-usage.md#installing-dependencies",
        "This file is @generated automatically"
    ],
    "content-hash": "f384874ef75eddf3e20318e81e244c45",
    "packages": [
        {
            "name": "gemorroj/archive7z",
            "version": "5.4.0",
            "source": {
                "type": "git",
                "url": "https://github.com/Gemorroj/Archive7z.git",
                "reference": "2abc2767b1eb281e86571414da97497c9924f5a0"
            },
            "dist": {
                "type": "zip",
                "url": "https://api.github.com/repos/Gemorroj/Archive7z/zipball/2abc2767b1eb281e86571414da97497c9924f5a0",
                "reference": "2abc2767b1eb281e86571414da97497c9924f5a0",
                "shasum": ""
            },
            "require": {
                "php": ">=7.3",
                "symfony/process": "^4.4||^5.0||^6.0"
            },
            "require-dev": {
                "friendsofphp/php-cs-fixer": "^3.0",
                "phpstan/phpstan": "^1.0",
                "phpunit/phpunit": "^9.5"
            },
            "type": "library",
            "autoload": {
                "psr-4": {
                    "Archive7z\\": "src/"
                }
            },
            "notification-url": "https://packagist.org/downloads/",
            "license": [
                "LGPL-3.0-or-later"
            ],
            "authors": [
                {
                    "name": "Gemorroj"
                }
            ],
            "description": "7z cli wrapper",
            "keywords": [
                "7-zip",
                "7z",
                "7zip",
                "archive",
                "p7zip"
            ],
            "support": {
                "issues": "https://github.com/Gemorroj/Archive7z/issues",
                "source": "https://github.com/Gemorroj/Archive7z/tree/5.4.0"
            },
            "time": "2022-04-03T12:22:32+00:00"
        },
        {
            "name": "symfony/process",
            "version": "v6.0.11",
            "source": {
                "type": "git",
                "url": "https://github.com/symfony/process.git",
                "reference": "44270a08ccb664143dede554ff1c00aaa2247a43"
            },
            "dist": {
                "type": "zip",
                "url": "https://api.github.com/repos/symfony/process/zipball/44270a08ccb664143dede554ff1c00aaa2247a43",
                "reference": "44270a08ccb664143dede554ff1c00aaa2247a43",
                "shasum": ""
            },
            "require": {
                "php": ">=8.0.2"
            },
            "type": "library",
            "autoload": {
                "psr-4": {
                    "Symfony\\Component\\Process\\": ""
                },
                "exclude-from-classmap": [
                    "/Tests/"
                ]
            },
            "notification-url": "https://packagist.org/downloads/",
            "license": [
                "MIT"
            ],
            "authors": [
                {
                    "name": "Fabien Potencier",
                    "email": "fabien@symfony.com"
                },
                {
                    "name": "Symfony Community",
                    "homepage": "https://symfony.com/contributors"
                }
            ],
            "description": "Executes commands in sub-processes",
            "homepage": "https://symfony.com",
            "support": {
                "source": "https://github.com/symfony/process/tree/v6.0.11"
            },
            "funding": [
                {
                    "url": "https://symfony.com/sponsor",
                    "type": "custom"
                },
                {
                    "url": "https://github.com/fabpot",
                    "type": "github"
                },
                {
                    "url": "https://tidelift.com/funding/github/packagist/symfony/symfony",
                    "type": "tidelift"
                }
            ],
            "time": "2022-06-27T17:10:44+00:00"
        }
    ],
    "packages-dev": [],
    "aliases": [],
    "minimum-stability": "stable",
    "stability-flags": [],
    "prefer-stable": false,
    "prefer-lowest": false,
    "platform": [],
    "platform-dev": [],
    "plugin-api-version": "2.3.0"
}
